
Microsoft Visual Studio Solution File, Format Version 12.00
# Visual Studio Version 17
VisualStudioVersion = 17.13.35919.96
MinimumVisualStudioVersion = 10.0.40219.1
Project("{FAE04EC0-301F-11D3-BF4B-00C04F79EFBC}") = "ComponentLib", "KOPlabs\ComponentLib.csproj", "{4633823C-3B96-47C3-AEB2-EA832CA1645D}"
EndProject
Project("{FAE04EC0-301F-11D3-BF4B-00C04F79EFBC}") = "FormComponentDisplay", "FormComponentDisplay\FormComponentDisplay.csproj", "{FF4ACEBE-3A79-4E98-8F88-E884D01AC81D}"
EndProject
Project("{FAE04EC0-301F-11D3-BF4B-00C04F79EFBC}") = "ControlLib", "ControlLib\ControlLib.csproj", "{C10E99DA-A656-4394-9BE5-2F47E047FFA4}"
EndProject
Project("{FAE04EC0-301F-11D3-BF4B-00C04F79EFBC}") = "ContractLib", "ContractLib\ContractLib.csproj", "{2065FB31-C852-485D-B8DE-4E9E3DC3CC29}"
EndProject
Global
	GlobalSection(SolutionConfigurationPlatforms) = preSolution
		Debug|Any CPU = Debug|Any CPU
		Release|Any CPU = Release|Any CPU
	EndGlobalSection
	GlobalSection(ProjectConfigurationPlatforms) = postSolution
		{4633823C-3B96-47C3-AEB2-EA832CA1645D}.Debug|Any CPU.ActiveCfg = Debug|Any CPU
		{4633823C-3B96-47C3-AEB2-EA832CA1645D}.Debug|Any CPU.Build.0 = Debug|Any CPU
		{4633823C-3B96-47C3-AEB2-EA832CA1645D}.Release|Any CPU.ActiveCfg = Release|Any CPU
		{4633823C-3B96-47C3-AEB2-EA832CA1645D}.Release|Any CPU.Build.0 = Release|Any CPU
		{FF4ACEBE-3A79-4E98-8F88-E884D01AC81D}.Debug|Any CPU.ActiveCfg = Debug|Any CPU
		{FF4ACEBE-3A79-4E98-8F88-E884D01AC81D}.Debug|Any CPU.Build.0 = Debug|Any CPU
		{FF4ACEBE-3A79-4E98-8F88-E884D01AC81D}.Release|Any CPU.ActiveCfg = Release|Any CPU
		{FF4ACEBE-3A79-4E98-8F88-E884D01AC81D}.Release|Any CPU.Build.0 = Release|Any CPU
		{C10E99DA-A656-4394-9BE5-2F47E047FFA4}.Debug|Any CPU.ActiveCfg = Debug|Any CPU
		{C10E99DA-A656-4394-9BE5-2F47E047FFA4}.Debug|Any CPU.Build.0 = Debug|Any CPU
		{C10E99DA-A656-4394-9BE5-2F47E047FFA4}.Release|Any CPU.ActiveCfg = Release|Any CPU
		{C10E99DA-A656-4394-9BE5-2F47E047FFA4}.Release|Any CPU.Build.0 = Release|Any CPU
		{2065FB31-C852-485D-B8DE-4E9E3DC3CC29}.Debug|Any CPU.ActiveCfg = Debug|Any CPU
		{2065FB31-C852-485D-B8DE-4E9E3DC3CC29}.Debug|Any CPU.Build.0 = Debug|Any CPU
		{2065FB31-C852-485D-B8DE-4E9E3DC3CC29}.Release|Any CPU.ActiveCfg = Release|Any CPU
		{2065FB31-C852-485D-B8DE-4E9E3DC3CC29}.Release|Any CPU.Build.0 = Release|Any CPU
	EndGlobalSection
	GlobalSection(SolutionProperties) = preSolution
		HideSolutionNode = FALSE
	EndGlobalSection
	GlobalSection(ExtensibilityGlobals) = postSolution
		SolutionGuid = {325A54AF-D883-496B-A5ED-3DBE71262848}
	EndGlobalSection
EndGlobal
