
Microsoft Visual Studio Solution File, Format Version 12.00
# Visual Studio Version 17
VisualStudioVersion = 17.13.35919.96
MinimumVisualStudioVersion = 10.0.40219.1
Project("{FAE04EC0-301F-11D3-BF4B-00C04F79EFBC}") = "WebAppCities", "WebAppCities\WebAppCities.csproj", "{46AAA8D6-38CE-42EE-B223-6E68F1ED3260}"
EndProject
Global
	GlobalSection(SolutionConfigurationPlatforms) = preSolution
		Debug|Any CPU = Debug|Any CPU
		Release|Any CPU = Release|Any CPU
	EndGlobalSection
	GlobalSection(ProjectConfigurationPlatforms) = postSolution
		{46AAA8D6-38CE-42EE-B223-6E68F1ED3260}.Debug|Any CPU.ActiveCfg = Debug|Any CPU
		{46AAA8D6-38CE-42EE-B223-6E68F1ED3260}.Debug|Any CPU.Build.0 = Debug|Any CPU
		{46AAA8D6-38CE-42EE-B223-6E68F1ED3260}.Release|Any CPU.ActiveCfg = Release|Any CPU
		{46AAA8D6-38CE-42EE-B223-6E68F1ED3260}.Release|Any CPU.Build.0 = Release|Any CPU
	EndGlobalSection
	GlobalSection(SolutionProperties) = preSolution
		HideSolutionNode = FALSE
	EndGlobalSection
	GlobalSection(ExtensibilityGlobals) = postSolution
		SolutionGuid = {325A54AF-D883-496B-A5ED-3DBE71262848}
	EndGlobalSection
EndGlobal
